
Microsoft Visual Studio Solution File, Format Version 12.00
# Visual Studio Version 17
VisualStudioVersion = 17.5.33424.131
MinimumVisualStudioVersion = 10.0.40219.1
Project("{FAE04EC0-301F-11D3-BF4B-00C04F79EFBC}") = "SalesCRMApp", "SalesCRMApp\SalesCRMApp.csproj", "{0904699F-57DE-4F5F-B707-51483BA8FE14}"
EndProject
Global
	GlobalSection(SolutionConfigurationPlatforms) = preSolution
		Debug|Any CPU = Debug|Any CPU
		Release|Any CPU = Release|Any CPU
	EndGlobalSection
	GlobalSection(ProjectConfigurationPlatforms) = postSolution
		{0904699F-57DE-4F5F-B707-51483BA8FE14}.Debug|Any CPU.ActiveCfg = Debug|Any CPU
		{0904699F-57DE-4F5F-B707-51483BA8FE14}.Debug|Any CPU.Build.0 = Debug|Any CPU
		{0904699F-57DE-4F5F-B707-51483BA8FE14}.Release|Any CPU.ActiveCfg = Release|Any CPU
		{0904699F-57DE-4F5F-B707-51483BA8FE14}.Release|Any CPU.Build.0 = Release|Any CPU
	EndGlobalSection
	GlobalSection(SolutionProperties) = preSolution
		HideSolutionNode = FALSE
	EndGlobalSection
	GlobalSection(ExtensibilityGlobals) = postSolution
		SolutionGuid = {44A2D5BA-19F9-4099-9668-80AEF9D33374}
	EndGlobalSection
EndGlobal
